// !$*UTF8*$!
{
	archiveVersion = 1;
	classes = {
	};
	objectVersion = 48;
	objects = {

/* Begin PBXBuildFile section */
		A713C6AA1FA74BBF0001D03B /* LocationPin+CoreDataProperties.swift in Sources */ = {isa = PBXBuildFile; fileRef = A713C6A91FA74BBF0001D03B /* LocationPin+CoreDataProperties.swift */; };
		A714728A1FA3384F00C89291 /* CoreDataStack.swift in Sources */ = {isa = PBXBuildFile; fileRef = A71472891FA3384F00C89291 /* CoreDataStack.swift */; };
		A714728C1FA338B100C89291 /* CoreDataHelper.swift in Sources */ = {isa = PBXBuildFile; fileRef = A714728B1FA338B100C89291 /* CoreDataHelper.swift */; };
		A714728E1FA33C4C00C89291 /* FlickrSearchClient.swift in Sources */ = {isa = PBXBuildFile; fileRef = A714728D1FA33C4C00C89291 /* FlickrSearchClient.swift */; };
		A71472921FA340E800C89291 /* FlickrPhotos.swift in Sources */ = {isa = PBXBuildFile; fileRef = A71472911FA340E800C89291 /* FlickrPhotos.swift */; };
		A71472971FA378C000C89291 /* Photo+CoreDataProperties.swift in Sources */ = {isa = PBXBuildFile; fileRef = A71472961FA378C000C89291 /* Photo+CoreDataProperties.swift */; };
		A71472991FA37B5200C89291 /* CoreDataCollectionViewController.swift in Sources */ = {isa = PBXBuildFile; fileRef = A71472981FA37B5200C89291 /* CoreDataCollectionViewController.swift */; };
		A714729B1FA37E3000C89291 /* PhotoCollectionViewCell.swift in Sources */ = {isa = PBXBuildFile; fileRef = A714729A1FA37E3000C89291 /* PhotoCollectionViewCell.swift */; };
		A72ACF291FA39680007AA987 /* UIImageView+VirtualTourist.swift in Sources */ = {isa = PBXBuildFile; fileRef = A72ACF281FA39680007AA987 /* UIImageView+VirtualTourist.swift */; };
		A73D8CC81FA1F29800ADE124 /* AppDelegate.swift in Sources */ = {isa = PBXBuildFile; fileRef = A73D8CC71FA1F29800ADE124 /* AppDelegate.swift */; };
		A73D8CCD1FA1F29800ADE124 /* Main.storyboard in Resources */ = {isa = PBXBuildFile; fileRef = A73D8CCB1FA1F29800ADE124 /* Main.storyboard */; };
		A73D8CCF1FA1F29800ADE124 /* Assets.xcassets in Resources */ = {isa = PBXBuildFile; fileRef = A73D8CCE1FA1F29800ADE124 /* Assets.xcassets */; };
		A73D8CD21FA1F29800ADE124 /* LaunchScreen.storyboard in Resources */ = {isa = PBXBuildFile; fileRef = A73D8CD01FA1F29800ADE124 /* LaunchScreen.storyboard */; };
		A73D8CDD1FA1F29800ADE124 /* VirtualTouristTests.swift in Sources */ = {isa = PBXBuildFile; fileRef = A73D8CDC1FA1F29800ADE124 /* VirtualTouristTests.swift */; };
		A73D8CE81FA1F29800ADE124 /* VirtualTouristUITests.swift in Sources */ = {isa = PBXBuildFile; fileRef = A73D8CE71FA1F29800ADE124 /* VirtualTouristUITests.swift */; };
		A73D8CF81FA1F2F600ADE124 /* MapViewController.swift in Sources */ = {isa = PBXBuildFile; fileRef = A73D8CF71FA1F2F600ADE124 /* MapViewController.swift */; };
		A73D8CFB1FA1F7BD00ADE124 /* MapHelper.swift in Sources */ = {isa = PBXBuildFile; fileRef = A73D8CFA1FA1F7BD00ADE124 /* MapHelper.swift */; };
		A73D8CFE1FA2001800ADE124 /* Constants.swift in Sources */ = {isa = PBXBuildFile; fileRef = A73D8CFD1FA2001800ADE124 /* Constants.swift */; };
		A73D8D011FA2004A00ADE124 /* APIClient.swift in Sources */ = {isa = PBXBuildFile; fileRef = A73D8D001FA2004A00ADE124 /* APIClient.swift */; };
		A73D8D061FA203BA00ADE124 /* VirtualTourist.xcdatamodeld in Sources */ = {isa = PBXBuildFile; fileRef = A73D8D041FA203BA00ADE124 /* VirtualTourist.xcdatamodeld */; };
		A73D8D141FA206CB00ADE124 /* Photo+CoreDataClass.swift in Sources */ = {isa = PBXBuildFile; fileRef = A73D8D101FA206CB00ADE124 /* Photo+CoreDataClass.swift */; };
		A73D8D161FA206CB00ADE124 /* LocationPin+CoreDataClass.swift in Sources */ = {isa = PBXBuildFile; fileRef = A73D8D121FA206CB00ADE124 /* LocationPin+CoreDataClass.swift */; };
		A73D8D1A1FA216D700ADE124 /* PhotosAlbumViewController.swift in Sources */ = {isa = PBXBuildFile; fileRef = A73D8D191FA216D700ADE124 /* PhotosAlbumViewController.swift */; };
		A7E7D8E41FA42F3500A1C4EE /* LoadingView.xib in Resources */ = {isa = PBXBuildFile; fileRef = A7E7D8E11FA42F3400A1C4EE /* LoadingView.xib */; };
		A7E7D8E51FA42F3500A1C4EE /* LoadingView.swift in Sources */ = {isa = PBXBuildFile; fileRef = A7E7D8E21FA42F3400A1C4EE /* LoadingView.swift */; };
		A7E7D8E61FA42F3500A1C4EE /* LoadingViewPresenter.swift in Sources */ = {isa = PBXBuildFile; fileRef = A7E7D8E31FA42F3400A1C4EE /* LoadingViewPresenter.swift */; };
		A7E7D8E81FA42F8800A1C4EE /* Extensions.swift in Sources */ = {isa = PBXBuildFile; fileRef = A7E7D8E71FA42F8800A1C4EE /* Extensions.swift */; };
/* End PBXBuildFile section */

/* Begin PBXContainerItemProxy section */
		A73D8CD91FA1F29800ADE124 /* PBXContainerItemProxy */ = {
			isa = PBXContainerItemProxy;
			containerPortal = A73D8CBC1FA1F29800ADE124 /* Project object */;
			proxyType = 1;
			remoteGlobalIDString = A73D8CC31FA1F29800ADE124;
			remoteInfo = VirtualTourist;
		};
		A73D8CE41FA1F29800ADE124 /* PBXContainerItemProxy */ = {
			isa = PBXContainerItemProxy;
			containerPortal = A73D8CBC1FA1F29800ADE124 /* Project object */;
			proxyType = 1;
			remoteGlobalIDString = A73D8CC31FA1F29800ADE124;
			remoteInfo = VirtualTourist;
		};
/* End PBXContainerItemProxy section */

/* Begin PBXFileReference section */
		A713C6A61FA7498C0001D03B /* VirtualTourist 4.xcdatamodel */ = {isa = PBXFileReference; lastKnownFileType = wrapper.xcdatamodel; path = "VirtualTourist 4.xcdatamodel"; sourceTree = "<group>"; };
		A713C6A91FA74BBF0001D03B /* LocationPin+CoreDataProperties.swift */ = {isa = PBXFileReference; lastKnownFileType = sourcecode.swift; path = "LocationPin+CoreDataProperties.swift"; sourceTree = "<group>"; };
		A71472891FA3384F00C89291 /* CoreDataStack.swift */ = {isa = PBXFileReference; lastKnownFileType = sourcecode.swift; path = CoreDataStack.swift; sourceTree = "<group>"; };
		A714728B1FA338B100C89291 /* CoreDataHelper.swift */ = {isa = PBXFileReference; lastKnownFileType = sourcecode.swift; path = CoreDataHelper.swift; sourceTree = "<group>"; };
		A714728D1FA33C4C00C89291 /* FlickrSearchClient.swift */ = {isa = PBXFileReference; lastKnownFileType = sourcecode.swift; path = FlickrSearchClient.swift; sourceTree = "<group>"; };
		A71472911FA340E800C89291 /* FlickrPhotos.swift */ = {isa = PBXFileReference; lastKnownFileType = sourcecode.swift; path = FlickrPhotos.swift; sourceTree = "<group>"; };
		A71472931FA377F800C89291 /* VirtualTourist 2.xcdatamodel */ = {isa = PBXFileReference; lastKnownFileType = wrapper.xcdatamodel; path = "VirtualTourist 2.xcdatamodel"; sourceTree = "<group>"; };
		A71472961FA378C000C89291 /* Photo+CoreDataProperties.swift */ = {isa = PBXFileReference; lastKnownFileType = sourcecode.swift; path = "Photo+CoreDataProperties.swift"; sourceTree = "<group>"; };
		A71472981FA37B5200C89291 /* CoreDataCollectionViewController.swift */ = {isa = PBXFileReference; lastKnownFileType = sourcecode.swift; path = CoreDataCollectionViewController.swift; sourceTree = "<group>"; };
		A714729A1FA37E3000C89291 /* PhotoCollectionViewCell.swift */ = {isa = PBXFileReference; lastKnownFileType = sourcecode.swift; path = PhotoCollectionViewCell.swift; sourceTree = "<group>"; };
		A72ACF281FA39680007AA987 /* UIImageView+VirtualTourist.swift */ = {isa = PBXFileReference; lastKnownFileType = sourcecode.swift; path = "UIImageView+VirtualTourist.swift"; sourceTree = "<group>"; };
		A72ACF2A1FA3A3F0007AA987 /* VirtualTourist 3.xcdatamodel */ = {isa = PBXFileReference; lastKnownFileType = wrapper.xcdatamodel; path = "VirtualTourist 3.xcdatamodel"; sourceTree = "<group>"; };
		A73D8CC41FA1F29800ADE124 /* VirtualTourist.app */ = {isa = PBXFileReference; explicitFileType = wrapper.application; includeInIndex = 0; path = VirtualTourist.app; sourceTree = BUILT_PRODUCTS_DIR; };
		A73D8CC71FA1F29800ADE124 /* AppDelegate.swift */ = {isa = PBXFileReference; lastKnownFileType = sourcecode.swift; path = AppDelegate.swift; sourceTree = "<group>"; };
		A73D8CCC1FA1F29800ADE124 /* Base */ = {isa = PBXFileReference; lastKnownFileType = file.storyboard; name = Base; path = Base.lproj/Main.storyboard; sourceTree = "<group>"; };
		A73D8CCE1FA1F29800ADE124 /* Assets.xcassets */ = {isa = PBXFileReference; lastKnownFileType = folder.assetcatalog; path = Assets.xcassets; sourceTree = "<group>"; };
		A73D8CD11FA1F29800ADE124 /* Base */ = {isa = PBXFileReference; lastKnownFileType = file.storyboard; name = Base; path = Base.lproj/LaunchScreen.storyboard; sourceTree = "<group>"; };
		A73D8CD31FA1F29800ADE124 /* Info.plist */ = {isa = PBXFileReference; lastKnownFileType = text.plist.xml; path = Info.plist; sourceTree = "<group>"; };
		A73D8CD81FA1F29800ADE124 /* VirtualTouristTests.xctest */ = {isa = PBXFileReference; explicitFileType = wrapper.cfbundle; includeInIndex = 0; path = VirtualTouristTests.xctest; sourceTree = BUILT_PRODUCTS_DIR; };
		A73D8CDC1FA1F29800ADE124 /* VirtualTouristTests.swift */ = {isa = PBXFileReference; lastKnownFileType = sourcecode.swift; path = VirtualTouristTests.swift; sourceTree = "<group>"; };
		A73D8CDE1FA1F29800ADE124 /* Info.plist */ = {isa = PBXFileReference; lastKnownFileType = text.plist.xml; path = Info.plist; sourceTree = "<group>"; };
		A73D8CE31FA1F29800ADE124 /* VirtualTouristUITests.xctest */ = {isa = PBXFileReference; explicitFileType = wrapper.cfbundle; includeInIndex = 0; path = VirtualTouristUITests.xctest; sourceTree = BUILT_PRODUCTS_DIR; };
		A73D8CE71FA1F29800ADE124 /* VirtualTouristUITests.swift */ = {isa = PBXFileReference; lastKnownFileType = sourcecode.swift; path = VirtualTouristUITests.swift; sourceTree = "<group>"; };
		A73D8CE91FA1F29800ADE124 /* Info.plist */ = {isa = PBXFileReference; lastKnownFileType = text.plist.xml; path = Info.plist; sourceTree = "<group>"; };
		A73D8CF71FA1F2F600ADE124 /* MapViewController.swift */ = {isa = PBXFileReference; lastKnownFileType = sourcecode.swift; path = MapViewController.swift; sourceTree = "<group>"; };
		A73D8CFA1FA1F7BD00ADE124 /* MapHelper.swift */ = {isa = PBXFileReference; lastKnownFileType = sourcecode.swift; path = MapHelper.swift; sourceTree = "<group>"; };
		A73D8CFD1FA2001800ADE124 /* Constants.swift */ = {isa = PBXFileReference; lastKnownFileType = sourcecode.swift; path = Constants.swift; sourceTree = "<group>"; };
		A73D8D001FA2004A00ADE124 /* APIClient.swift */ = {isa = PBXFileReference; lastKnownFileType = sourcecode.swift; path = APIClient.swift; sourceTree = "<group>"; };
		A73D8D051FA203BA00ADE124 /* VirtualTourist.xcdatamodel */ = {isa = PBXFileReference; lastKnownFileType = wrapper.xcdatamodel; path = VirtualTourist.xcdatamodel; sourceTree = "<group>"; };
		A73D8D101FA206CB00ADE124 /* Photo+CoreDataClass.swift */ = {isa = PBXFileReference; lastKnownFileType = sourcecode.swift; path = "Photo+CoreDataClass.swift"; sourceTree = "<group>"; };
		A73D8D121FA206CB00ADE124 /* LocationPin+CoreDataClass.swift */ = {isa = PBXFileReference; lastKnownFileType = sourcecode.swift; path = "LocationPin+CoreDataClass.swift"; sourceTree = "<group>"; };
		A73D8D191FA216D700ADE124 /* PhotosAlbumViewController.swift */ = {isa = PBXFileReference; lastKnownFileType = sourcecode.swift; path = PhotosAlbumViewController.swift; sourceTree = "<group>"; };
		A7E7D8E11FA42F3400A1C4EE /* LoadingView.xib */ = {isa = PBXFileReference; fileEncoding = 4; lastKnownFileType = file.xib; path = LoadingView.xib; sourceTree = "<group>"; };
		A7E7D8E21FA42F3400A1C4EE /* LoadingView.swift */ = {isa = PBXFileReference; fileEncoding = 4; lastKnownFileType = sourcecode.swift; path = LoadingView.swift; sourceTree = "<group>"; };
		A7E7D8E31FA42F3400A1C4EE /* LoadingViewPresenter.swift */ = {isa = PBXFileReference; fileEncoding = 4; lastKnownFileType = sourcecode.swift; path = LoadingViewPresenter.swift; sourceTree = "<group>"; };
		A7E7D8E71FA42F8800A1C4EE /* Extensions.swift */ = {isa = PBXFileReference; lastKnownFileType = sourcecode.swift; path = Extensions.swift; sourceTree = "<group>"; };
/* End PBXFileReference section */

/* Begin PBXFrameworksBuildPhase section */
		A73D8CC11FA1F29800ADE124 /* Frameworks */ = {
			isa = PBXFrameworksBuildPhase;
			buildActionMask = 2147483647;
			files = (
			);
			runOnlyForDeploymentPostprocessing = 0;
		};
		A73D8CD51FA1F29800ADE124 /* Frameworks */ = {
			isa = PBXFrameworksBuildPhase;
			buildActionMask = 2147483647;
			files = (
			);
			runOnlyForDeploymentPostprocessing = 0;
		};
		A73D8CE01FA1F29800ADE124 /* Frameworks */ = {
			isa = PBXFrameworksBuildPhase;
			buildActionMask = 2147483647;
			files = (
			);
			runOnlyForDeploymentPostprocessing = 0;
		};
/* End PBXFrameworksBuildPhase section */

/* Begin PBXGroup section */
		A71472881FA3384200C89291 /* Stack */ = {
			isa = PBXGroup;
			children = (
				A71472891FA3384F00C89291 /* CoreDataStack.swift */,
			);
			path = Stack;
			sourceTree = "<group>";
		};
		A714728F1FA340BF00C89291 /* Models */ = {
			isa = PBXGroup;
			children = (
				A71472901FA340C900C89291 /* FlickrPhotos */,
			);
			path = Models;
			sourceTree = "<group>";
		};
		A71472901FA340C900C89291 /* FlickrPhotos */ = {
			isa = PBXGroup;
			children = (
				A71472911FA340E800C89291 /* FlickrPhotos.swift */,
			);
			path = FlickrPhotos;
			sourceTree = "<group>";
		};
		A714729C1FA3863D00C89291 /* Views */ = {
			isa = PBXGroup;
			children = (
				A7E7D8E01FA42F2000A1C4EE /* Customs */,
				A714729D1FA3864300C89291 /* Cells */,
			);
			path = Views;
			sourceTree = "<group>";
		};
		A714729D1FA3864300C89291 /* Cells */ = {
			isa = PBXGroup;
			children = (
				A714729E1FA3865000C89291 /* PhotoCell */,
			);
			path = Cells;
			sourceTree = "<group>";
		};
		A714729E1FA3865000C89291 /* PhotoCell */ = {
			isa = PBXGroup;
			children = (
				A714729A1FA37E3000C89291 /* PhotoCollectionViewCell.swift */,
			);
			path = PhotoCell;
			sourceTree = "<group>";
		};
		A72ACF271FA39661007AA987 /* Extensions */ = {
			isa = PBXGroup;
			children = (
				A72ACF281FA39680007AA987 /* UIImageView+VirtualTourist.swift */,
				A7E7D8E71FA42F8800A1C4EE /* Extensions.swift */,
			);
			path = Extensions;
			sourceTree = "<group>";
		};
		A73D8CBB1FA1F29800ADE124 = {
			isa = PBXGroup;
			children = (
				A73D8CC61FA1F29800ADE124 /* VirtualTourist */,
				A73D8CDB1FA1F29800ADE124 /* VirtualTouristTests */,
				A73D8CE61FA1F29800ADE124 /* VirtualTouristUITests */,
				A73D8CC51FA1F29800ADE124 /* Products */,
			);
			sourceTree = "<group>";
		};
		A73D8CC51FA1F29800ADE124 /* Products */ = {
			isa = PBXGroup;
			children = (
				A73D8CC41FA1F29800ADE124 /* VirtualTourist.app */,
				A73D8CD81FA1F29800ADE124 /* VirtualTouristTests.xctest */,
				A73D8CE31FA1F29800ADE124 /* VirtualTouristUITests.xctest */,
			);
			name = Products;
			sourceTree = "<group>";
		};
		A73D8CC61FA1F29800ADE124 /* VirtualTourist */ = {
			isa = PBXGroup;
			children = (
				A72ACF271FA39661007AA987 /* Extensions */,
				A714729C1FA3863D00C89291 /* Views */,
				A714728F1FA340BF00C89291 /* Models */,
				A73D8D031FA2039900ADE124 /* CoreData Models */,
				A73D8CFF1FA2002C00ADE124 /* API */,
				A73D8CF91FA1F7B000ADE124 /* Helpers */,
				A73D8CF51FA1F2E200ADE124 /* Controllers */,
				A73D8CC71FA1F29800ADE124 /* AppDelegate.swift */,
				A73D8CCB1FA1F29800ADE124 /* Main.storyboard */,
				A73D8CCE1FA1F29800ADE124 /* Assets.xcassets */,
				A73D8CD01FA1F29800ADE124 /* LaunchScreen.storyboard */,
				A73D8CD31FA1F29800ADE124 /* Info.plist */,
			);
			path = VirtualTourist;
			sourceTree = "<group>";
		};
		A73D8CDB1FA1F29800ADE124 /* VirtualTouristTests */ = {
			isa = PBXGroup;
			children = (
				A73D8CDC1FA1F29800ADE124 /* VirtualTouristTests.swift */,
				A73D8CDE1FA1F29800ADE124 /* Info.plist */,
			);
			path = VirtualTouristTests;
			sourceTree = "<group>";
		};
		A73D8CE61FA1F29800ADE124 /* VirtualTouristUITests */ = {
			isa = PBXGroup;
			children = (
				A73D8CE71FA1F29800ADE124 /* VirtualTouristUITests.swift */,
				A73D8CE91FA1F29800ADE124 /* Info.plist */,
			);
			path = VirtualTouristUITests;
			sourceTree = "<group>";
		};
		A73D8CF51FA1F2E200ADE124 /* Controllers */ = {
			isa = PBXGroup;
			children = (
				A73D8D181FA216C600ADE124 /* PhotosAlbum */,
				A73D8CF61FA1F2EA00ADE124 /* Map */,
				A71472981FA37B5200C89291 /* CoreDataCollectionViewController.swift */,
			);
			path = Controllers;
			sourceTree = "<group>";
		};
		A73D8CF61FA1F2EA00ADE124 /* Map */ = {
			isa = PBXGroup;
			children = (
				A73D8CF71FA1F2F600ADE124 /* MapViewController.swift */,
			);
			path = Map;
			sourceTree = "<group>";
		};
		A73D8CF91FA1F7B000ADE124 /* Helpers */ = {
			isa = PBXGroup;
			children = (
				A73D8CFA1FA1F7BD00ADE124 /* MapHelper.swift */,
				A714728B1FA338B100C89291 /* CoreDataHelper.swift */,
			);
			path = Helpers;
			sourceTree = "<group>";
		};
		A73D8CFC1FA2000700ADE124 /* Constants */ = {
			isa = PBXGroup;
			children = (
				A73D8CFD1FA2001800ADE124 /* Constants.swift */,
			);
			path = Constants;
			sourceTree = "<group>";
		};
		A73D8CFF1FA2002C00ADE124 /* API */ = {
			isa = PBXGroup;
			children = (
				A73D8D021FA200D200ADE124 /* Clients */,
				A73D8CFC1FA2000700ADE124 /* Constants */,
				A73D8D001FA2004A00ADE124 /* APIClient.swift */,
			);
			path = API;
			sourceTree = "<group>";
		};
		A73D8D021FA200D200ADE124 /* Clients */ = {
			isa = PBXGroup;
			children = (
				A714728D1FA33C4C00C89291 /* FlickrSearchClient.swift */,
			);
			path = Clients;
			sourceTree = "<group>";
		};
		A73D8D031FA2039900ADE124 /* CoreData Models */ = {
			isa = PBXGroup;
			children = (
				A71472881FA3384200C89291 /* Stack */,
				A73D8D071FA2062400ADE124 /* Classes */,
				A73D8D041FA203BA00ADE124 /* VirtualTourist.xcdatamodeld */,
			);
			path = "CoreData Models";
			sourceTree = "<group>";
		};
		A73D8D071FA2062400ADE124 /* Classes */ = {
			isa = PBXGroup;
			children = (
				A71472961FA378C000C89291 /* Photo+CoreDataProperties.swift */,
				A73D8D101FA206CB00ADE124 /* Photo+CoreDataClass.swift */,
				A73D8D121FA206CB00ADE124 /* LocationPin+CoreDataClass.swift */,
				A713C6A91FA74BBF0001D03B /* LocationPin+CoreDataProperties.swift */,
			);
			path = Classes;
			sourceTree = "<group>";
		};
		A73D8D181FA216C600ADE124 /* PhotosAlbum */ = {
			isa = PBXGroup;
			children = (
				A73D8D191FA216D700ADE124 /* PhotosAlbumViewController.swift */,
			);
			path = PhotosAlbum;
			sourceTree = "<group>";
		};
		A7E7D8E01FA42F2000A1C4EE /* Customs */ = {
			isa = PBXGroup;
			children = (
				A7E7D8E21FA42F3400A1C4EE /* LoadingView.swift */,
				A7E7D8E11FA42F3400A1C4EE /* LoadingView.xib */,
				A7E7D8E31FA42F3400A1C4EE /* LoadingViewPresenter.swift */,
			);
			path = Customs;
			sourceTree = "<group>";
		};
/* End PBXGroup section */

/* Begin PBXNativeTarget section */
		A73D8CC31FA1F29800ADE124 /* VirtualTourist */ = {
			isa = PBXNativeTarget;
			buildConfigurationList = A73D8CEC1FA1F29800ADE124 /* Build configuration list for PBXNativeTarget "VirtualTourist" */;
			buildPhases = (
				A73D8CC01FA1F29800ADE124 /* Sources */,
				A73D8CC11FA1F29800ADE124 /* Frameworks */,
				A73D8CC21FA1F29800ADE124 /* Resources */,
			);
			buildRules = (
			);
			dependencies = (
			);
			name = VirtualTourist;
			productName = VirtualTourist;
			productReference = A73D8CC41FA1F29800ADE124 /* VirtualTourist.app */;
			productType = "com.apple.product-type.application";
		};
		A73D8CD71FA1F29800ADE124 /* VirtualTouristTests */ = {
			isa = PBXNativeTarget;
			buildConfigurationList = A73D8CEF1FA1F29800ADE124 /* Build configuration list for PBXNativeTarget "VirtualTouristTests" */;
			buildPhases = (
				A73D8CD41FA1F29800ADE124 /* Sources */,
				A73D8CD51FA1F29800ADE124 /* Frameworks */,
				A73D8CD61FA1F29800ADE124 /* Resources */,
			);
			buildRules = (
			);
			dependencies = (
				A73D8CDA1FA1F29800ADE124 /* PBXTargetDependency */,
			);
			name = VirtualTouristTests;
			productName = VirtualTouristTests;
			productReference = A73D8CD81FA1F29800ADE124 /* VirtualTouristTests.xctest */;
			productType = "com.apple.product-type.bundle.unit-test";
		};
		A73D8CE21FA1F29800ADE124 /* VirtualTouristUITests */ = {
			isa = PBXNativeTarget;
			buildConfigurationList = A73D8CF21FA1F29800ADE124 /* Build configuration list for PBXNativeTarget "VirtualTouristUITests" */;
			buildPhases = (
				A73D8CDF1FA1F29800ADE124 /* Sources */,
				A73D8CE01FA1F29800ADE124 /* Frameworks */,
				A73D8CE11FA1F29800ADE124 /* Resources */,
			);
			buildRules = (
			);
			dependencies = (
				A73D8CE51FA1F29800ADE124 /* PBXTargetDependency */,
			);
			name = VirtualTouristUITests;
			productName = VirtualTouristUITests;
			productReference = A73D8CE31FA1F29800ADE124 /* VirtualTouristUITests.xctest */;
			productType = "com.apple.product-type.bundle.ui-testing";
		};
/* End PBXNativeTarget section */

/* Begin PBXProject section */
		A73D8CBC1FA1F29800ADE124 /* Project object */ = {
			isa = PBXProject;
			attributes = {
				LastSwiftUpdateCheck = 0900;
				LastUpgradeCheck = 1000;
				ORGANIZATIONNAME = "Leonardo Vinicius Kaminski Ferreira";
				TargetAttributes = {
					A73D8CC31FA1F29800ADE124 = {
						CreatedOnToolsVersion = 9.0.1;
						ProvisioningStyle = Automatic;
					};
					A73D8CD71FA1F29800ADE124 = {
						CreatedOnToolsVersion = 9.0.1;
						ProvisioningStyle = Automatic;
						TestTargetID = A73D8CC31FA1F29800ADE124;
					};
					A73D8CE21FA1F29800ADE124 = {
						CreatedOnToolsVersion = 9.0.1;
						ProvisioningStyle = Automatic;
						TestTargetID = A73D8CC31FA1F29800ADE124;
					};
				};
			};
			buildConfigurationList = A73D8CBF1FA1F29800ADE124 /* Build configuration list for PBXProject "VirtualTourist" */;
			compatibilityVersion = "Xcode 8.0";
			developmentRegion = en;
			hasScannedForEncodings = 0;
			knownRegions = (
				en,
				Base,
			);
			mainGroup = A73D8CBB1FA1F29800ADE124;
			productRefGroup = A73D8CC51FA1F29800ADE124 /* Products */;
			projectDirPath = "";
			projectRoot = "";
			targets = (
				A73D8CC31FA1F29800ADE124 /* VirtualTourist */,
				A73D8CD71FA1F29800ADE124 /* VirtualTouristTests */,
				A73D8CE21FA1F29800ADE124 /* VirtualTouristUITests */,
			);
		};
/* End PBXProject section */

/* Begin PBXResourcesBuildPhase section */
		A73D8CC21FA1F29800ADE124 /* Resources */ = {
			isa = PBXResourcesBuildPhase;
			buildActionMask = 2147483647;
			files = (
				A73D8CD21FA1F29800ADE124 /* LaunchScreen.storyboard in Resources */,
				A7E7D8E41FA42F3500A1C4EE /* LoadingView.xib in Resources */,
				A73D8CCF1FA1F29800ADE124 /* Assets.xcassets in Resources */,
				A73D8CCD1FA1F29800ADE124 /* Main.storyboard in Resources */,
			);
			runOnlyForDeploymentPostprocessing = 0;
		};
		A73D8CD61FA1F29800ADE124 /* Resources */ = {
			isa = PBXResourcesBuildPhase;
			buildActionMask = 2147483647;
			files = (
			);
			runOnlyForDeploymentPostprocessing = 0;
		};
		A73D8CE11FA1F29800ADE124 /* Resources */ = {
			isa = PBXResourcesBuildPhase;
			buildActionMask = 2147483647;
			files = (
			);
			runOnlyForDeploymentPostprocessing = 0;
		};
/* End PBXResourcesBuildPhase section */

/* Begin PBXSourcesBuildPhase section */
		A73D8CC01FA1F29800ADE124 /* Sources */ = {
			isa = PBXSourcesBuildPhase;
			buildActionMask = 2147483647;
			files = (
				A72ACF291FA39680007AA987 /* UIImageView+VirtualTourist.swift in Sources */,
				A713C6AA1FA74BBF0001D03B /* LocationPin+CoreDataProperties.swift in Sources */,
				A73D8CF81FA1F2F600ADE124 /* MapViewController.swift in Sources */,
				A73D8D141FA206CB00ADE124 /* Photo+CoreDataClass.swift in Sources */,
				A71472921FA340E800C89291 /* FlickrPhotos.swift in Sources */,
				A71472971FA378C000C89291 /* Photo+CoreDataProperties.swift in Sources */,
				A714729B1FA37E3000C89291 /* PhotoCollectionViewCell.swift in Sources */,
				A714728E1FA33C4C00C89291 /* FlickrSearchClient.swift in Sources */,
				A714728A1FA3384F00C89291 /* CoreDataStack.swift in Sources */,
				A73D8CC81FA1F29800ADE124 /* AppDelegate.swift in Sources */,
				A73D8D061FA203BA00ADE124 /* VirtualTourist.xcdatamodeld in Sources */,
				A73D8CFB1FA1F7BD00ADE124 /* MapHelper.swift in Sources */,
				A73D8D011FA2004A00ADE124 /* APIClient.swift in Sources */,
				A7E7D8E81FA42F8800A1C4EE /* Extensions.swift in Sources */,
				A714728C1FA338B100C89291 /* CoreDataHelper.swift in Sources */,
				A7E7D8E61FA42F3500A1C4EE /* LoadingViewPresenter.swift in Sources */,
				A73D8D161FA206CB00ADE124 /* LocationPin+CoreDataClass.swift in Sources */,
				A73D8D1A1FA216D700ADE124 /* PhotosAlbumViewController.swift in Sources */,
				A73D8CFE1FA2001800ADE124 /* Constants.swift in Sources */,
				A7E7D8E51FA42F3500A1C4EE /* LoadingView.swift in Sources */,
				A71472991FA37B5200C89291 /* CoreDataCollectionViewController.swift in Sources */,
			);
			runOnlyForDeploymentPostprocessing = 0;
		};
		A73D8CD41FA1F29800ADE124 /* Sources */ = {
			isa = PBXSourcesBuildPhase;
			buildActionMask = 2147483647;
			files = (
				A73D8CDD1FA1F29800ADE124 /* VirtualTouristTests.swift in Sources */,
			);
			runOnlyForDeploymentPostprocessing = 0;
		};
		A73D8CDF1FA1F29800ADE124 /* Sources */ = {
			isa = PBXSourcesBuildPhase;
			buildActionMask = 2147483647;
			files = (
				A73D8CE81FA1F29800ADE124 /* VirtualTouristUITests.swift in Sources */,
			);
			runOnlyForDeploymentPostprocessing = 0;
		};
/* End PBXSourcesBuildPhase section */

/* Begin PBXTargetDependency section */
		A73D8CDA1FA1F29800ADE124 /* PBXTargetDependency */ = {
			isa = PBXTargetDependency;
			target = A73D8CC31FA1F29800ADE124 /* VirtualTourist */;
			targetProxy = A73D8CD91FA1F29800ADE124 /* PBXContainerItemProxy */;
		};
		A73D8CE51FA1F29800ADE124 /* PBXTargetDependency */ = {
			isa = PBXTargetDependency;
			target = A73D8CC31FA1F29800ADE124 /* VirtualTourist */;
			targetProxy = A73D8CE41FA1F29800ADE124 /* PBXContainerItemProxy */;
		};
/* End PBXTargetDependency section */

/* Begin PBXVariantGroup section */
		A73D8CCB1FA1F29800ADE124 /* Main.storyboard */ = {
			isa = PBXVariantGroup;
			children = (
				A73D8CCC1FA1F29800ADE124 /* Base */,
			);
			name = Main.storyboard;
			sourceTree = "<group>";
		};
		A73D8CD01FA1F29800ADE124 /* LaunchScreen.storyboard */ = {
			isa = PBXVariantGroup;
			children = (
				A73D8CD11FA1F29800ADE124 /* Base */,
			);
			name = LaunchScreen.storyboard;
			sourceTree = "<group>";
		};
/* End PBXVariantGroup section */

/* Begin XCBuildConfiguration section */
		A73D8CEA1FA1F29800ADE124 /* Debug */ = {
			isa = XCBuildConfiguration;
			buildSettings = {
				ALWAYS_SEARCH_USER_PATHS = NO;
				CLANG_ANALYZER_NONNULL = YES;
				CLANG_ANALYZER_NUMBER_OBJECT_CONVERSION = YES_AGGRESSIVE;
				CLANG_CXX_LANGUAGE_STANDARD = "gnu++14";
				CLANG_CXX_LIBRARY = "libc++";
				CLANG_ENABLE_MODULES = YES;
				CLANG_ENABLE_OBJC_ARC = YES;
				CLANG_WARN_BLOCK_CAPTURE_AUTORELEASING = YES;
				CLANG_WARN_BOOL_CONVERSION = YES;
				CLANG_WARN_COMMA = YES;
				CLANG_WARN_CONSTANT_CONVERSION = YES;
				CLANG_WARN_DEPRECATED_OBJC_IMPLEMENTATIONS = YES;
				CLANG_WARN_DIRECT_OBJC_ISA_USAGE = YES_ERROR;
				CLANG_WARN_DOCUMENTATION_COMMENTS = YES;
				CLANG_WARN_EMPTY_BODY = YES;
				CLANG_WARN_ENUM_CONVERSION = YES;
				CLANG_WARN_INFINITE_RECURSION = YES;
				CLANG_WARN_INT_CONVERSION = YES;
				CLANG_WARN_NON_LITERAL_NULL_CONVERSION = YES;
				CLANG_WARN_OBJC_IMPLICIT_RETAIN_SELF = YES;
				CLANG_WARN_OBJC_LITERAL_CONVERSION = YES;
				CLANG_WARN_OBJC_ROOT_CLASS = YES_ERROR;
				CLANG_WARN_RANGE_LOOP_ANALYSIS = YES;
				CLANG_WARN_STRICT_PROTOTYPES = YES;
				CLANG_WARN_SUSPICIOUS_MOVE = YES;
				CLANG_WARN_UNGUARDED_AVAILABILITY = YES_AGGRESSIVE;
				CLANG_WARN_UNREACHABLE_CODE = YES;
				CLANG_WARN__DUPLICATE_METHOD_MATCH = YES;
				CODE_SIGN_IDENTITY = "iPhone Developer";
				COPY_PHASE_STRIP = NO;
				DEBUG_INFORMATION_FORMAT = dwarf;
				ENABLE_STRICT_OBJC_MSGSEND = YES;
				ENABLE_TESTABILITY = YES;
				GCC_C_LANGUAGE_STANDARD = gnu11;
				GCC_DYNAMIC_NO_PIC = NO;
				GCC_NO_COMMON_BLOCKS = YES;
				GCC_OPTIMIZATION_LEVEL = 0;
				GCC_PREPROCESSOR_DEFINITIONS = (
					"DEBUG=1",
					"$(inherited)",
				);
				GCC_WARN_64_TO_32_BIT_CONVERSION = YES;
				GCC_WARN_ABOUT_RETURN_TYPE = YES_ERROR;
				GCC_WARN_UNDECLARED_SELECTOR = YES;
				GCC_WARN_UNINITIALIZED_AUTOS = YES_AGGRESSIVE;
				GCC_WARN_UNUSED_FUNCTION = YES;
				GCC_WARN_UNUSED_VARIABLE = YES;
				IPHONEOS_DEPLOYMENT_TARGET = 11.0;
				MTL_ENABLE_DEBUG_INFO = YES;
				ONLY_ACTIVE_ARCH = YES;
				SDKROOT = iphoneos;
				SWIFT_ACTIVE_COMPILATION_CONDITIONS = DEBUG;
				SWIFT_OPTIMIZATION_LEVEL = "-Onone";
			};
			name = Debug;
		};
		A73D8CEB1FA1F29800ADE124 /* Release */ = {
			isa = XCBuildConfiguration;
			buildSettings = {
				ALWAYS_SEARCH_USER_PATHS = NO;
				CLANG_ANALYZER_NONNULL = YES;
				CLANG_ANALYZER_NUMBER_OBJECT_CONVERSION = YES_AGGRESSIVE;
				CLANG_CXX_LANGUAGE_STANDARD = "gnu++14";
				CLANG_CXX_LIBRARY = "libc++";
				CLANG_ENABLE_MODULES = YES;
				CLANG_ENABLE_OBJC_ARC = YES;
				CLANG_WARN_BLOCK_CAPTURE_AUTORELEASING = YES;
				CLANG_WARN_BOOL_CONVERSION = YES;
				CLANG_WARN_COMMA = YES;
				CLANG_WARN_CONSTANT_CONVERSION = YES;
				CLANG_WARN_DEPRECATED_OBJC_IMPLEMENTATIONS = YES;
				CLANG_WARN_DIRECT_OBJC_ISA_USAGE = YES_ERROR;
				CLANG_WARN_DOCUMENTATION_COMMENTS = YES;
				CLANG_WARN_EMPTY_BODY = YES;
				CLANG_WARN_ENUM_CONVERSION = YES;
				CLANG_WARN_INFINITE_RECURSION = YES;
				CLANG_WARN_INT_CONVERSION = YES;
				CLANG_WARN_NON_LITERAL_NULL_CONVERSION = YES;
				CLANG_WARN_OBJC_IMPLICIT_RETAIN_SELF = YES;
				CLANG_WARN_OBJC_LITERAL_CONVERSION = YES;
				CLANG_WARN_OBJC_ROOT_CLASS = YES_ERROR;
				CLANG_WARN_RANGE_LOOP_ANALYSIS = YES;
				CLANG_WARN_STRICT_PROTOTYPES = YES;
				CLANG_WARN_SUSPICIOUS_MOVE = YES;
				CLANG_WARN_UNGUARDED_AVAILABILITY = YES_AGGRESSIVE;
				CLANG_WARN_UNREACHABLE_CODE = YES;
				CLANG_WARN__DUPLICATE_METHOD_MATCH = YES;
				CODE_SIGN_IDENTITY = "iPhone Developer";
				COPY_PHASE_STRIP = NO;
				DEBUG_INFORMATION_FORMAT = "dwarf-with-dsym";
				ENABLE_NS_ASSERTIONS = NO;
				ENABLE_STRICT_OBJC_MSGSEND = YES;
				GCC_C_LANGUAGE_STANDARD = gnu11;
				GCC_NO_COMMON_BLOCKS = YES;
				GCC_WARN_64_TO_32_BIT_CONVERSION = YES;
				GCC_WARN_ABOUT_RETURN_TYPE = YES_ERROR;
				GCC_WARN_UNDECLARED_SELECTOR = YES;
				GCC_WARN_UNINITIALIZED_AUTOS = YES_AGGRESSIVE;
				GCC_WARN_UNUSED_FUNCTION = YES;
				GCC_WARN_UNUSED_VARIABLE = YES;
				IPHONEOS_DEPLOYMENT_TARGET = 11.0;
				MTL_ENABLE_DEBUG_INFO = NO;
				SDKROOT = iphoneos;
				SWIFT_OPTIMIZATION_LEVEL = "-Owholemodule";
				VALIDATE_PRODUCT = YES;
			};
			name = Release;
		};
		A73D8CED1FA1F29800ADE124 /* Debug */ = {
			isa = XCBuildConfiguration;
			buildSettings = {
				ASSETCATALOG_COMPILER_APPICON_NAME = AppIcon;
				CODE_SIGN_STYLE = Automatic;
				DEVELOPMENT_TEAM = 496E7TU5N4;
				INFOPLIST_FILE = VirtualTourist/Info.plist;
				LD_RUNPATH_SEARCH_PATHS = "$(inherited) @executable_path/Frameworks";
				PRODUCT_BUNDLE_IDENTIFIER = com.LeonardoFerreira.VirtualTourist;
				PRODUCT_NAME = "$(TARGET_NAME)";
				SWIFT_VERSION = 4.2;
				TARGETED_DEVICE_FAMILY = "1,2";
			};
			name = Debug;
		};
		A73D8CEE1FA1F29800ADE124 /* Release */ = {
			isa = XCBuildConfiguration;
			buildSettings = {
				ASSETCATALOG_COMPILER_APPICON_NAME = AppIcon;
				CODE_SIGN_STYLE = Automatic;
				DEVELOPMENT_TEAM = 496E7TU5N4;
				INFOPLIST_FILE = VirtualTourist/Info.plist;
				LD_RUNPATH_SEARCH_PATHS = "$(inherited) @executable_path/Frameworks";
				PRODUCT_BUNDLE_IDENTIFIER = com.LeonardoFerreira.VirtualTourist;
				PRODUCT_NAME = "$(TARGET_NAME)";
				SWIFT_VERSION = 4.2;
				TARGETED_DEVICE_FAMILY = "1,2";
			};
			name = Release;
		};
		A73D8CF01FA1F29800ADE124 /* Debug */ = {
			isa = XCBuildConfiguration;
			buildSettings = {
				ALWAYS_EMBED_SWIFT_STANDARD_LIBRARIES = YES;
				BUNDLE_LOADER = "$(TEST_HOST)";
				CODE_SIGN_STYLE = Automatic;
				DEVELOPMENT_TEAM = 496E7TU5N4;
				INFOPLIST_FILE = VirtualTouristTests/Info.plist;
				LD_RUNPATH_SEARCH_PATHS = "$(inherited) @executable_path/Frameworks @loader_path/Frameworks";
				PRODUCT_BUNDLE_IDENTIFIER = com.LeonardoFerreira.VirtualTouristTests;
				PRODUCT_NAME = "$(TARGET_NAME)";
				SWIFT_VERSION = 4.2;
				TARGETED_DEVICE_FAMILY = "1,2";
				TEST_HOST = "$(BUILT_PRODUCTS_DIR)/VirtualTourist.app/VirtualTourist";
			};
			name = Debug;
		};
		A73D8CF11FA1F29800ADE124 /* Release */ = {
			isa = XCBuildConfiguration;
			buildSettings = {
				ALWAYS_EMBED_SWIFT_STANDARD_LIBRARIES = YES;
				BUNDLE_LOADER = "$(TEST_HOST)";
				CODE_SIGN_STYLE = Automatic;
				DEVELOPMENT_TEAM = 496E7TU5N4;
				INFOPLIST_FILE = VirtualTouristTests/Info.plist;
				LD_RUNPATH_SEARCH_PATHS = "$(inherited) @executable_path/Frameworks @loader_path/Frameworks";
				PRODUCT_BUNDLE_IDENTIFIER = com.LeonardoFerreira.VirtualTouristTests;
				PRODUCT_NAME = "$(TARGET_NAME)";
				SWIFT_VERSION = 4.2;
				TARGETED_DEVICE_FAMILY = "1,2";
				TEST_HOST = "$(BUILT_PRODUCTS_DIR)/VirtualTourist.app/VirtualTourist";
			};
			name = Release;
		};
		A73D8CF31FA1F29800ADE124 /* Debug */ = {
			isa = XCBuildConfiguration;
			buildSettings = {
				ALWAYS_EMBED_SWIFT_STANDARD_LIBRARIES = YES;
				CODE_SIGN_STYLE = Automatic;
				DEVELOPMENT_TEAM = 496E7TU5N4;
				INFOPLIST_FILE = VirtualTouristUITests/Info.plist;
				LD_RUNPATH_SEARCH_PATHS = "$(inherited) @executable_path/Frameworks @loader_path/Frameworks";
				PRODUCT_BUNDLE_IDENTIFIER = com.LeonardoFerreira.VirtualTouristUITests;
				PRODUCT_NAME = "$(TARGET_NAME)";
				SWIFT_VERSION = 4.2;
				TARGETED_DEVICE_FAMILY = "1,2";
				TEST_TARGET_NAME = VirtualTourist;
			};
			name = Debug;
		};
		A73D8CF41FA1F29800ADE124 /* Release */ = {
			isa = XCBuildConfiguration;
			buildSettings = {
				ALWAYS_EMBED_SWIFT_STANDARD_LIBRARIES = YES;
				CODE_SIGN_STYLE = Automatic;
				DEVELOPMENT_TEAM = 496E7TU5N4;
				INFOPLIST_FILE = VirtualTouristUITests/Info.plist;
				LD_RUNPATH_SEARCH_PATHS = "$(inherited) @executable_path/Frameworks @loader_path/Frameworks";
				PRODUCT_BUNDLE_IDENTIFIER = com.LeonardoFerreira.VirtualTouristUITests;
				PRODUCT_NAME = "$(TARGET_NAME)";
				SWIFT_VERSION = 4.2;
				TARGETED_DEVICE_FAMILY = "1,2";
				TEST_TARGET_NAME = VirtualTourist;
			};
			name = Release;
		};
/* End XCBuildConfiguration section */

/* Begin XCConfigurationList section */
		A73D8CBF1FA1F29800ADE124 /* Build configuration list for PBXProject "VirtualTourist" */ = {
			isa = XCConfigurationList;
			buildConfigurations = (
				A73D8CEA1FA1F29800ADE124 /* Debug */,
				A73D8CEB1FA1F29800ADE124 /* Release */,
			);
			defaultConfigurationIsVisible = 0;
			defaultConfigurationName = Release;
		};
		A73D8CEC1FA1F29800ADE124 /* Build configuration list for PBXNativeTarget "VirtualTourist" */ = {
			isa = XCConfigurationList;
			buildConfigurations = (
				A73D8CED1FA1F29800ADE124 /* Debug */,
				A73D8CEE1FA1F29800ADE124 /* Release */,
			);
			defaultConfigurationIsVisible = 0;
			defaultConfigurationName = Release;
		};
		A73D8CEF1FA1F29800ADE124 /* Build configuration list for PBXNativeTarget "VirtualTouristTests" */ = {
			isa = XCConfigurationList;
			buildConfigurations = (
				A73D8CF01FA1F29800ADE124 /* Debug */,
				A73D8CF11FA1F29800ADE124 /* Release */,
			);
			defaultConfigurationIsVisible = 0;
			defaultConfigurationName = Release;
		};
		A73D8CF21FA1F29800ADE124 /* Build configuration list for PBXNativeTarget "VirtualTouristUITests" */ = {
			isa = XCConfigurationList;
			buildConfigurations = (
				A73D8CF31FA1F29800ADE124 /* Debug */,
				A73D8CF41FA1F29800ADE124 /* Release */,
			);
			defaultConfigurationIsVisible = 0;
			defaultConfigurationName = Release;
		};
/* End XCConfigurationList section */

/* Begin XCVersionGroup section */
		A73D8D041FA203BA00ADE124 /* VirtualTourist.xcdatamodeld */ = {
			isa = XCVersionGroup;
			children = (
				A713C6A61FA7498C0001D03B /* VirtualTourist 4.xcdatamodel */,
				A72ACF2A1FA3A3F0007AA987 /* VirtualTourist 3.xcdatamodel */,
				A71472931FA377F800C89291 /* VirtualTourist 2.xcdatamodel */,
				A73D8D051FA203BA00ADE124 /* VirtualTourist.xcdatamodel */,
			);
			currentVersion = A713C6A61FA7498C0001D03B /* VirtualTourist 4.xcdatamodel */;
			path = VirtualTourist.xcdatamodeld;
			sourceTree = "<group>";
			versionGroupType = wrapper.xcdatamodel;
		};
/* End XCVersionGroup section */
	};
	rootObject = A73D8CBC1FA1F29800ADE124 /* Project object */;
}
